
Microsoft Visual Studio Solution File, Format Version 12.00
# Visual Studio Version 16
VisualStudioVersion = 16.0.32413.511
MinimumVisualStudioVersion = 10.0.40219.1
Project("{FAE04EC0-301F-11D3-BF4B-00C04F79EFBC}") = "GlennsHotrods2", "GlennsHotrods2.csproj", "{7B571AFF-809C-4487-8E68-BC9AA890BF20}"
EndProject
Global
	GlobalSection(SolutionConfigurationPlatforms) = preSolution
		Debug|Any CPU = Debug|Any CPU
		Release|Any CPU = Release|Any CPU
	EndGlobalSection
	GlobalSection(ProjectConfigurationPlatforms) = postSolution
		{7B571AFF-809C-4487-8E68-BC9AA890BF20}.Debug|Any CPU.ActiveCfg = Debug|Any CPU
		{7B571AFF-809C-4487-8E68-BC9AA890BF20}.Debug|Any CPU.Build.0 = Debug|Any CPU
		{7B571AFF-809C-4487-8E68-BC9AA890BF20}.Release|Any CPU.ActiveCfg = Release|Any CPU
		{7B571AFF-809C-4487-8E68-BC9AA890BF20}.Release|Any CPU.Build.0 = Release|Any CPU
	EndGlobalSection
	GlobalSection(SolutionProperties) = preSolution
		HideSolutionNode = FALSE
	EndGlobalSection
	GlobalSection(ExtensibilityGlobals) = postSolution
		SolutionGuid = {8D0866BD-B343-450B-87EB-CF8A976B3AC4}
	EndGlobalSection
EndGlobal
